Microsoft Visual Studio Solution File, Format Version 11.00
# Visual Studio 2008

Project("{A8EEA022-9FD5-9FB7-D1A8-FBDFD0BE659B}") = "CLNrpsR3M3", "Assembly-CSharp-vs.csproj", "{C846E056-658E-6F6A-C32A-763CEDE412D9}"
EndProject
Project("{A8EEA022-9FD5-9FB7-D1A8-FBDFD0BE659B}") = "CLNrpsR3M3", "Assembly-CSharp-Editor-vs.csproj", "{B34019D6-5B37-B4B3-84BD-A0A828329415}"
EndProject
Global
	GlobalSection(SolutionConfigurationPlatforms) = preSolution
		Debug|Any CPU = Debug|Any CPU
		Release|Any CPU = Release|Any CPU
	EndGlobalSection
	GlobalSection(ProjectConfigurationPlatforms) = postSolution
		{C846E056-658E-6F6A-C32A-763CEDE412D9}.Debug|Any CPU.ActiveCfg = Debug|Any CPU
		{C846E056-658E-6F6A-C32A-763CEDE412D9}.Debug|Any CPU.Build.0 = Debug|Any CPU
		{C846E056-658E-6F6A-C32A-763CEDE412D9}.Release|Any CPU.ActiveCfg = Release|Any CPU
		{C846E056-658E-6F6A-C32A-763CEDE412D9}.Release|Any CPU.Build.0 = Release|Any CPU
		{B34019D6-5B37-B4B3-84BD-A0A828329415}.Debug|Any CPU.ActiveCfg = Debug|Any CPU
		{B34019D6-5B37-B4B3-84BD-A0A828329415}.Debug|Any CPU.Build.0 = Debug|Any CPU
		{B34019D6-5B37-B4B3-84BD-A0A828329415}.Release|Any CPU.ActiveCfg = Release|Any CPU
		{B34019D6-5B37-B4B3-84BD-A0A828329415}.Release|Any CPU.Build.0 = Release|Any CPU
	EndGlobalSection
	GlobalSection(SolutionProperties) = preSolution
		HideSolutionNode = FALSE
	EndGlobalSection
																								GlobalSection(MonoDevelopProperties) = preSolution
		StartupItem = Assembly-CSharp.csproj
		Policies = $0
		$0.TextStylePolicy = $1
		$1.inheritsSet = null
		$1.scope = text/x-csharp
		$0.CSharpFormattingPolicy = $2
		$2.inheritsSet = Mono
		$2.inheritsScope = text/x-csharp
		$2.scope = text/x-csharp
		$0.TextStylePolicy = $3
		$3.FileWidth = 120
		$3.TabWidth = 4
		$3.EolMarker = Unix
		$3.inheritsSet = Mono
		$3.inheritsScope = text/plain
		$3.scope = text/plain
	EndGlobalSection

EndGlobal
